
Microsoft Visual Studio Solution File, Format Version 12.00
# Visual Studio 2013
VisualStudioVersion = 12.0.31101.0
MinimumVisualStudioVersion = 10.0.40219.1
Project("{E24C65DC-7377-472B-9ABA-BC803B73C61A}") = "MbcOnlinePay", "http://localhost:65473", "{82050E7C-D5D5-4508-804F-F4067CAC8307}"
	ProjectSection(WebsiteProperties) = preProject
		UseIISExpress = "true"
		TargetFrameworkMoniker = ".NETFramework,Version%3Dv4.0"
		Debug.AspNetCompiler.VirtualPath = "/localhost_65473"
		Debug.AspNetCompiler.PhysicalPath = "F:\InetPub\wwwroot\MbcOnlinePay\"
		Debug.AspNetCompiler.TargetPath = "PrecompiledWeb\localhost_65473\"
		Debug.AspNetCompiler.Updateable = "true"
		Debug.AspNetCompiler.ForceOverwrite = "true"
		Debug.AspNetCompiler.FixedNames = "false"
		Debug.AspNetCompiler.Debug = "True"
		Release.AspNetCompiler.VirtualPath = "/localhost_65473"
		Release.AspNetCompiler.PhysicalPath = "F:\InetPub\wwwroot\MbcOnlinePay\"
		Release.AspNetCompiler.TargetPath = "PrecompiledWeb\localhost_65473\"
		Release.AspNetCompiler.Updateable = "true"
		Release.AspNetCompiler.ForceOverwrite = "true"
		Release.AspNetCompiler.FixedNames = "false"
		Release.AspNetCompiler.Debug = "False"
		SlnRelativePath = "F:\InetPub\wwwroot\MbcOnlinePay\"
	EndProjectSection
EndProject
Global
	GlobalSection(SolutionConfigurationPlatforms) = preSolution
		Debug|Any CPU = Debug|Any CPU
	EndGlobalSection
	GlobalSection(ProjectConfigurationPlatforms) = postSolution
		{82050E7C-D5D5-4508-804F-F4067CAC8307}.Debug|Any CPU.ActiveCfg = Debug|Any CPU
		{82050E7C-D5D5-4508-804F-F4067CAC8307}.Debug|Any CPU.Build.0 = Debug|Any CPU
	EndGlobalSection
	GlobalSection(SolutionProperties) = preSolution
		HideSolutionNode = FALSE
	EndGlobalSection
EndGlobal
