
Microsoft Visual Studio Solution File, Format Version 10.00
# Visual Studio 2008
Project("{E24C65DC-7377-472B-9ABA-BC803B73C61A}") = "AuthNet", ".", "{497E049D-A8F1-4B39-B3D6-BBB1A5C675D0}"
	ProjectSection(WebsiteProperties) = preProject
		TargetFramework = "3.5"
		Debug.AspNetCompiler.VirtualPath = "/AuthNet"
		Debug.AspNetCompiler.PhysicalPath = "F:\InetPub\wwwroot\membook2\AuthNet\"
		Debug.AspNetCompiler.TargetPath = "PrecompiledWeb\AuthNet\"
		Debug.AspNetCompiler.Updateable = "true"
		Debug.AspNetCompiler.ForceOverwrite = "true"
		Debug.AspNetCompiler.FixedNames = "false"
		Debug.AspNetCompiler.Debug = "True"
		Release.AspNetCompiler.VirtualPath = "/AuthNet"
		Release.AspNetCompiler.PhysicalPath = "F:\InetPub\wwwroot\membook2\AuthNet\"
		Release.AspNetCompiler.TargetPath = "PrecompiledWeb\AuthNet\"
		Release.AspNetCompiler.Updateable = "true"
		Release.AspNetCompiler.ForceOverwrite = "true"
		Release.AspNetCompiler.FixedNames = "false"
		Release.AspNetCompiler.Debug = "False"
		VWDPort = "53740"
	EndProjectSection
EndProject
Global
	GlobalSection(SolutionConfigurationPlatforms) = preSolution
		Debug|.NET = Debug|.NET
	EndGlobalSection
	GlobalSection(ProjectConfigurationPlatforms) = postSolution
		{497E049D-A8F1-4B39-B3D6-BBB1A5C675D0}.Debug|.NET.ActiveCfg = Debug|.NET
		{497E049D-A8F1-4B39-B3D6-BBB1A5C675D0}.Debug|.NET.Build.0 = Debug|.NET
	EndGlobalSection
	GlobalSection(SolutionProperties) = preSolution
		HideSolutionNode = FALSE
	EndGlobalSection
EndGlobal
